github.com/go-chi/chi v1.5.1 h1:kfTK3Cxd/dkMu/rKs5ZceWYp+t5CtiE7vmaTv3LjC6w=
github.com/go-chi/chi v1.5.1/go.mod h1:REp24E+25iKvxgeTfHmdUoL5x15kBiDBlnIl5bCwe2k=
github.com/go-chi/chi v1.5.2 h1:YcLIBANL4OTaAOcTdp//sskGa0yGACQMCtbnr7YEn0Q=
github.com/go-chi/chi v1.5.2/go.mod h1:REp24E+25iKvxgeTfHmdUoL5x15kBiDBlnIl5bCwe2k=
github.com/go-chi/render v1.0.1 h1:4/5tis2cKaNdnv9zFLfXzcquC9HbeZgCnxGnKrltBS8=
github.com/go-chi/render v1.0.1/go.mod h1:pq4Rr7HbnsdaeHagklXub+p6Wd16Af5l9koip1OvJns=
github.com/skip2/go-qrcode v0.0.0-20200617195104-da1b6568686e h1:MRM5ITcdelLK2j1vwZ3Je0FKVCfqOLp5zO6trqMLYs0=
github.com/skip2/go-qrcode v0.0.0-20200617195104-da1b6568686e/go.mod h1:XV66xRDqSt+GTGFMVlhk3ULuV0y9ZmzeVGR4mloJI3M=
gopkg.in/go-playground/colors.v1 v1.2.0 h1:SPweMUve+ywPrfwao+UvfD5Ah78aOLUkT5RlJiZn52c=
gopkg.in/go-playground/colors.v1 v1.2.0/go.mod h1:AvbqcMpNXVl5gBrM20jBm3VjjKBbH/kI5UnqjU7lxFI=
